
Microsoft Visual Studio Solution File, Format Version 12.00
# Visual Studio Version 16
VisualStudioVersion = 16.0.31424.327
MinimumVisualStudioVersion = 10.0.40219.1
Project("{FAE04EC0-301F-11D3-BF4B-00C04F79EFBC}") = "Week2.FiguraGeometrica", "Week2.FiguraGeometrica\Week2.FiguraGeometrica.csproj", "{606D33A7-0B8B-45EB-A6FA-6D9AF408D6C6}"
EndProject
Global
	GlobalSection(SolutionConfigurationPlatforms) = preSolution
		Debug|Any CPU = Debug|Any CPU
		Release|Any CPU = Release|Any CPU
	EndGlobalSection
	GlobalSection(ProjectConfigurationPlatforms) = postSolution
		{606D33A7-0B8B-45EB-A6FA-6D9AF408D6C6}.Debug|Any CPU.ActiveCfg = Debug|Any CPU
		{606D33A7-0B8B-45EB-A6FA-6D9AF408D6C6}.Debug|Any CPU.Build.0 = Debug|Any CPU
		{606D33A7-0B8B-45EB-A6FA-6D9AF408D6C6}.Release|Any CPU.ActiveCfg = Release|Any CPU
		{606D33A7-0B8B-45EB-A6FA-6D9AF408D6C6}.Release|Any CPU.Build.0 = Release|Any CPU
	EndGlobalSection
	GlobalSection(SolutionProperties) = preSolution
		HideSolutionNode = FALSE
	EndGlobalSection
	GlobalSection(ExtensibilityGlobals) = postSolution
		SolutionGuid = {DD2828BE-64E1-4284-84DD-C747B41A31CD}
	EndGlobalSection
EndGlobal
